// !$*UTF8*$!
{
	archiveVersion = 1;
	classes = {
	};
	objectVersion = 51;
	objects = {

/* Begin PBXBuildFile section */
		89B60A8A6B774CA169761A26 /* Pods_HLCandy.framework in Frameworks */ = {isa = PBXBuildFile; fileRef = 82C0E752A690CCFE2261F616 /* Pods_HLCandy.framework */; };
		A01ACFF52865688100062F58 /* AppDelegate.m in Sources */ = {isa = PBXBuildFile; fileRef = A01ACFF42865688100062F58 /* AppDelegate.m */; };
		A01ACFFB2865688100062F58 /* ViewController.m in Sources */ = {isa = PBXBuildFile; fileRef = A01ACFFA2865688100062F58 /* ViewController.m */; };
		A01ACFFE2865688100062F58 /* Main.storyboard in Resources */ = {isa = PBXBuildFile; fileRef = A01ACFFC2865688100062F58 /* Main.storyboard */; };
		A01AD0002865688300062F58 /* Assets.xcassets in Resources */ = {isa = PBXBuildFile; fileRef = A01ACFFF2865688300062F58 /* Assets.xcassets */; };
		A01AD0032865688300062F58 /* LaunchScreen.storyboard in Resources */ = {isa = PBXBuildFile; fileRef = A01AD0012865688300062F58 /* LaunchScreen.storyboard */; };
		A01AD0062865688300062F58 /* main.m in Sources */ = {isa = PBXBuildFile; fileRef = A01AD0052865688300062F58 /* main.m */; };
		A01AD01E28669F4C00062F58 /* HLCandyTests.m in Sources */ = {isa = PBXBuildFile; fileRef = A01AD01D28669F4C00062F58 /* HLCandyTests.m */; };
		A01AD02C28669F6300062F58 /* HLCandyUITests.m in Sources */ = {isa = PBXBuildFile; fileRef = A01AD02B28669F6300062F58 /* HLCandyUITests.m */; };
/* End PBXBuildFile section */

/* Begin PBXContainerItemProxy section */
		A01AD02028669F4C00062F58 /* PBXContainerItemProxy */ = {
			isa = PBXContainerItemProxy;
			containerPortal = A01ACFE82865688100062F58 /* Project object */;
			proxyType = 1;
			remoteGlobalIDString = A01ACFEF2865688100062F58;
			remoteInfo = HLCandy;
		};
		A01AD02E28669F6300062F58 /* PBXContainerItemProxy */ = {
			isa = PBXContainerItemProxy;
			containerPortal = A01ACFE82865688100062F58 /* Project object */;
			proxyType = 1;
			remoteGlobalIDString = A01ACFEF2865688100062F58;
			remoteInfo = HLCandy;
		};
/* End PBXContainerItemProxy section */

/* Begin PBXFileReference section */
		1CD2E9E345B0AB921CB614F8 /* Pods-HLCandy.debug.xcconfig */ = {isa = PBXFileReference; includeInIndex = 1; lastKnownFileType = text.xcconfig; name = "Pods-HLCandy.debug.xcconfig"; path = "Target Support Files/Pods-HLCandy/Pods-HLCandy.debug.xcconfig"; sourceTree = "<group>"; };
		732D55CCD06F26665D329CF2 /* Pods-HLCandy.release.xcconfig */ = {isa = PBXFileReference; includeInIndex = 1; lastKnownFileType = text.xcconfig; name = "Pods-HLCandy.release.xcconfig"; path = "Target Support Files/Pods-HLCandy/Pods-HLCandy.release.xcconfig"; sourceTree = "<group>"; };
		82C0E752A690CCFE2261F616 /* Pods_HLCandy.framework */ = {isa = PBXFileReference; explicitFileType = wrapper.framework; includeInIndex = 0; path = Pods_HLCandy.framework; sourceTree = BUILT_PRODUCTS_DIR; };
		A01ACFF02865688100062F58 /* HLCandy.app */ = {isa = PBXFileReference; explicitFileType = wrapper.application; includeInIndex = 0; path = HLCandy.app; sourceTree = BUILT_PRODUCTS_DIR; };
		A01ACFF32865688100062F58 /* AppDelegate.h */ = {isa = PBXFileReference; lastKnownFileType = sourcecode.c.h; path = AppDelegate.h; sourceTree = "<group>"; };
		A01ACFF42865688100062F58 /* AppDelegate.m */ = {isa = PBXFileReference; lastKnownFileType = sourcecode.c.objc; path = AppDelegate.m; sourceTree = "<group>"; };
		A01ACFF92865688100062F58 /* ViewController.h */ = {isa = PBXFileReference; lastKnownFileType = sourcecode.c.h; path = ViewController.h; sourceTree = "<group>"; };
		A01ACFFA2865688100062F58 /* ViewController.m */ = {isa = PBXFileReference; lastKnownFileType = sourcecode.c.objc; path = ViewController.m; sourceTree = "<group>"; };
		A01ACFFD2865688100062F58 /* Base */ = {isa = PBXFileReference; lastKnownFileType = file.storyboard; name = Base; path = Base.lproj/Main.storyboard; sourceTree = "<group>"; };
		A01ACFFF2865688300062F58 /* Assets.xcassets */ = {isa = PBXFileReference; lastKnownFileType = folder.assetcatalog; path = Assets.xcassets; sourceTree = "<group>"; };
		A01AD0022865688300062F58 /* Base */ = {isa = PBXFileReference; lastKnownFileType = file.storyboard; name = Base; path = Base.lproj/LaunchScreen.storyboard; sourceTree = "<group>"; };
		A01AD0042865688300062F58 /* Info.plist */ = {isa = PBXFileReference; lastKnownFileType = text.plist.xml; path = Info.plist; sourceTree = "<group>"; };
		A01AD0052865688300062F58 /* main.m */ = {isa = PBXFileReference; lastKnownFileType = sourcecode.c.objc; path = main.m; sourceTree = "<group>"; };
		A01AD01B28669F4B00062F58 /* HLCandyTests.xctest */ = {isa = PBXFileReference; explicitFileType = wrapper.cfbundle; includeInIndex = 0; path = HLCandyTests.xctest; sourceTree = BUILT_PRODUCTS_DIR; };
		A01AD01D28669F4C00062F58 /* HLCandyTests.m */ = {isa = PBXFileReference; lastKnownFileType = sourcecode.c.objc; path = HLCandyTests.m; sourceTree = "<group>"; };
		A01AD01F28669F4C00062F58 /* Info.plist */ = {isa = PBXFileReference; lastKnownFileType = text.plist.xml; path = Info.plist; sourceTree = "<group>"; };
		A01AD02928669F6300062F58 /* HLCandyUITests.xctest */ = {isa = PBXFileReference; explicitFileType = wrapper.cfbundle; includeInIndex = 0; path = HLCandyUITests.xctest; sourceTree = BUILT_PRODUCTS_DIR; };
		A01AD02B28669F6300062F58 /* HLCandyUITests.m */ = {isa = PBXFileReference; lastKnownFileType = sourcecode.c.objc; path = HLCandyUITests.m; sourceTree = "<group>"; };
		A01AD02D28669F6300062F58 /* Info.plist */ = {isa = PBXFileReference; lastKnownFileType = text.plist.xml; path = Info.plist; sourceTree = "<group>"; };
/* End PBXFileReference section */

/* Begin PBXFrameworksBuildPhase section */
		A01ACFED2865688100062F58 /* Frameworks */ = {
			isa = PBXFrameworksBuildPhase;
			buildActionMask = 2147483647;
			files = (
				89B60A8A6B774CA169761A26 /* Pods_HLCandy.framework in Frameworks */,
			);
			runOnlyForDeploymentPostprocessing = 0;
		};
		A01AD01828669F4B00062F58 /* Frameworks */ = {
			isa = PBXFrameworksBuildPhase;
			buildActionMask = 2147483647;
			files = (
			);
			runOnlyForDeploymentPostprocessing = 0;
		};
		A01AD02628669F6300062F58 /* Frameworks */ = {
			isa = PBXFrameworksBuildPhase;
			buildActionMask = 2147483647;
			files = (
			);
			runOnlyForDeploymentPostprocessing = 0;
		};
/* End PBXFrameworksBuildPhase section */

/* Begin PBXGroup section */
		319244FC5FBE9ACE269C7376 /* Frameworks */ = {
			isa = PBXGroup;
			children = (
				82C0E752A690CCFE2261F616 /* Pods_HLCandy.framework */,
			);
			name = Frameworks;
			sourceTree = "<group>";
		};
		A01ACFE72865688100062F58 = {
			isa = PBXGroup;
			children = (
				A01ACFF22865688100062F58 /* HLCandy */,
				A01AD01C28669F4C00062F58 /* HLCandyTests */,
				A01AD02A28669F6300062F58 /* HLCandyUITests */,
				A01ACFF12865688100062F58 /* Products */,
				C9F2EA31337914CB371F5F55 /* Pods */,
				319244FC5FBE9ACE269C7376 /* Frameworks */,
			);
			sourceTree = "<group>";
		};
		A01ACFF12865688100062F58 /* Products */ = {
			isa = PBXGroup;
			children = (
				A01ACFF02865688100062F58 /* HLCandy.app */,
				A01AD01B28669F4B00062F58 /* HLCandyTests.xctest */,
				A01AD02928669F6300062F58 /* HLCandyUITests.xctest */,
			);
			name = Products;
			sourceTree = "<group>";
		};
		A01ACFF22865688100062F58 /* HLCandy */ = {
			isa = PBXGroup;
			children = (
				A01ACFF32865688100062F58 /* AppDelegate.h */,
				A01ACFF42865688100062F58 /* AppDelegate.m */,
				A01ACFF92865688100062F58 /* ViewController.h */,
				A01ACFFA2865688100062F58 /* ViewController.m */,
				A01ACFFC2865688100062F58 /* Main.storyboard */,
				A01ACFFF2865688300062F58 /* Assets.xcassets */,
				A01AD0012865688300062F58 /* LaunchScreen.storyboard */,
				A01AD0042865688300062F58 /* Info.plist */,
				A01AD0052865688300062F58 /* main.m */,
			);
			path = HLCandy;
			sourceTree = "<group>";
		};
		A01AD01C28669F4C00062F58 /* HLCandyTests */ = {
			isa = PBXGroup;
			children = (
				A01AD01D28669F4C00062F58 /* HLCandyTests.m */,
				A01AD01F28669F4C00062F58 /* Info.plist */,
			);
			path = HLCandyTests;
			sourceTree = "<group>";
		};
		A01AD02A28669F6300062F58 /* HLCandyUITests */ = {
			isa = PBXGroup;
			children = (
				A01AD02B28669F6300062F58 /* HLCandyUITests.m */,
				A01AD02D28669F6300062F58 /* Info.plist */,
			);
			path = HLCandyUITests;
			sourceTree = "<group>";
		};
		C9F2EA31337914CB371F5F55 /* Pods */ = {
			isa = PBXGroup;
			children = (
				1CD2E9E345B0AB921CB614F8 /* Pods-HLCandy.debug.xcconfig */,
				732D55CCD06F26665D329CF2 /* Pods-HLCandy.release.xcconfig */,
			);
			path = Pods;
			sourceTree = "<group>";
		};
/* End PBXGroup section */

/* Begin PBXNativeTarget section */
		A01ACFEF2865688100062F58 /* HLCandy */ = {
			isa = PBXNativeTarget;
			buildConfigurationList = A01AD0092865688300062F58 /* Build configuration list for PBXNativeTarget "HLCandy" */;
			buildPhases = (
				2A3DFAA57472CAEDDBC43EB0 /* [CP] Check Pods Manifest.lock */,
				A01ACFEC2865688100062F58 /* Sources */,
				A01ACFED2865688100062F58 /* Frameworks */,
				A01ACFEE2865688100062F58 /* Resources */,
				B8DE4AFA2EB0E8A627D83E24 /* [CP] Embed Pods Frameworks */,
				01F4B77586B6EAD1B6BED64E /* [CP] Copy Pods Resources */,
			);
			buildRules = (
			);
			dependencies = (
			);
			name = HLCandy;
			productName = HLCandy;
			productReference = A01ACFF02865688100062F58 /* HLCandy.app */;
			productType = "com.apple.product-type.application";
		};
		A01AD01A28669F4B00062F58 /* HLCandyTests */ = {
			isa = PBXNativeTarget;
			buildConfigurationList = A01AD02228669F4C00062F58 /* Build configuration list for PBXNativeTarget "HLCandyTests" */;
			buildPhases = (
				A01AD01728669F4B00062F58 /* Sources */,
				A01AD01828669F4B00062F58 /* Frameworks */,
				A01AD01928669F4B00062F58 /* Resources */,
			);
			buildRules = (
			);
			dependencies = (
				A01AD02128669F4C00062F58 /* PBXTargetDependency */,
			);
			name = HLCandyTests;
			productName = HLCandyTests;
			productReference = A01AD01B28669F4B00062F58 /* HLCandyTests.xctest */;
			productType = "com.apple.product-type.bundle.unit-test";
		};
		A01AD02828669F6300062F58 /* HLCandyUITests */ = {
			isa = PBXNativeTarget;
			buildConfigurationList = A01AD03028669F6300062F58 /* Build configuration list for PBXNativeTarget "HLCandyUITests" */;
			buildPhases = (
				A01AD02528669F6300062F58 /* Sources */,
				A01AD02628669F6300062F58 /* Frameworks */,
				A01AD02728669F6300062F58 /* Resources */,
			);
			buildRules = (
			);
			dependencies = (
				A01AD02F28669F6300062F58 /* PBXTargetDependency */,
			);
			name = HLCandyUITests;
			productName = HLCandyUITests;
			productReference = A01AD02928669F6300062F58 /* HLCandyUITests.xctest */;
			productType = "com.apple.product-type.bundle.ui-testing";
		};
/* End PBXNativeTarget section */

/* Begin PBXProject section */
		A01ACFE82865688100062F58 /* Project object */ = {
			isa = PBXProject;
			attributes = {
				LastUpgradeCheck = 1130;
				ORGANIZATIONNAME = seabright;
				TargetAttributes = {
					A01ACFEF2865688100062F58 = {
						CreatedOnToolsVersion = 11.3.1;
					};
					A01AD01A28669F4B00062F58 = {
						CreatedOnToolsVersion = 11.3.1;
						TestTargetID = A01ACFEF2865688100062F58;
					};
					A01AD02828669F6300062F58 = {
						CreatedOnToolsVersion = 11.3.1;
						TestTargetID = A01ACFEF2865688100062F58;
					};
				};
			};
			buildConfigurationList = A01ACFEB2865688100062F58 /* Build configuration list for PBXProject "HLCandy" */;
			compatibilityVersion = "Xcode 9.3";
			developmentRegion = en;
			hasScannedForEncodings = 0;
			knownRegions = (
				en,
				Base,
			);
			mainGroup = A01ACFE72865688100062F58;
			productRefGroup = A01ACFF12865688100062F58 /* Products */;
			projectDirPath = "";
			projectRoot = "";
			targets = (
				A01ACFEF2865688100062F58 /* HLCandy */,
				A01AD01A28669F4B00062F58 /* HLCandyTests */,
				A01AD02828669F6300062F58 /* HLCandyUITests */,
			);
		};
/* End PBXProject section */

/* Begin PBXResourcesBuildPhase section */
		A01ACFEE2865688100062F58 /* Resources */ = {
			isa = PBXResourcesBuildPhase;
			buildActionMask = 2147483647;
			files = (
				A01AD0032865688300062F58 /* LaunchScreen.storyboard in Resources */,
				A01AD0002865688300062F58 /* Assets.xcassets in Resources */,
				A01ACFFE2865688100062F58 /* Main.storyboard in Resources */,
			);
			runOnlyForDeploymentPostprocessing = 0;
		};
		A01AD01928669F4B00062F58 /* Resources */ = {
			isa = PBXResourcesBuildPhase;
			buildActionMask = 2147483647;
			files = (
			);
			runOnlyForDeploymentPostprocessing = 0;
		};
		A01AD02728669F6300062F58 /* Resources */ = {
			isa = PBXResourcesBuildPhase;
			buildActionMask = 2147483647;
			files = (
			);
			runOnlyForDeploymentPostprocessing = 0;
		};
/* End PBXResourcesBuildPhase section */

/* Begin PBXShellScriptBuildPhase section */
		01F4B77586B6EAD1B6BED64E /* [CP] Copy Pods Resources */ = {
			isa = PBXShellScriptBuildPhase;
			buildActionMask = 2147483647;
			files = (
			);
			inputFileListPaths = (
				"${PODS_ROOT}/Target Support Files/Pods-HLCandy/Pods-HLCandy-resources-${CONFIGURATION}-input-files.xcfilelist",
			);
			name = "[CP] Copy Pods Resources";
			outputFileListPaths = (
				"${PODS_ROOT}/Target Support Files/Pods-HLCandy/Pods-HLCandy-resources-${CONFIGURATION}-output-files.xcfilelist",
			);
			runOnlyForDeploymentPostprocessing = 0;
			shellPath = /bin/sh;
			shellScript = "\"${PODS_ROOT}/Target Support Files/Pods-HLCandy/Pods-HLCandy-resources.sh\"\n";
			showEnvVarsInLog = 0;
		};
		2A3DFAA57472CAEDDBC43EB0 /* [CP] Check Pods Manifest.lock */ = {
			isa = PBXShellScriptBuildPhase;
			buildActionMask = 2147483647;
			files = (
			);
			inputFileListPaths = (
			);
			inputPaths = (
				"${PODS_PODFILE_DIR_PATH}/Podfile.lock",
				"${PODS_ROOT}/Manifest.lock",
			);
			name = "[CP] Check Pods Manifest.lock";
			outputFileListPaths = (
			);
			outputPaths = (
				"$(DERIVED_FILE_DIR)/Pods-HLCandy-checkManifestLockResult.txt",
			);
			runOnlyForDeploymentPostprocessing = 0;
			shellPath = /bin/sh;
			shellScript = "diff \"${PODS_PODFILE_DIR_PATH}/Podfile.lock\" \"${PODS_ROOT}/Manifest.lock\" > /dev/null\nif [ $? != 0 ] ; then\n    # print error to STDERR\n    echo \"error: The sandbox is not in sync with the Podfile.lock. Run 'pod install' or update your CocoaPods installation.\" >&2\n    exit 1\nfi\n# This output is used by Xcode 'outputs' to avoid re-running this script phase.\necho \"SUCCESS\" > \"${SCRIPT_OUTPUT_FILE_0}\"\n";
			showEnvVarsInLog = 0;
		};
		B8DE4AFA2EB0E8A627D83E24 /* [CP] Embed Pods Frameworks */ = {
			isa = PBXShellScriptBuildPhase;
			buildActionMask = 2147483647;
			files = (
			);
			inputFileListPaths = (
				"${PODS_ROOT}/Target Support Files/Pods-HLCandy/Pods-HLCandy-frameworks-${CONFIGURATION}-input-files.xcfilelist",
			);
			name = "[CP] Embed Pods Frameworks";
			outputFileListPaths = (
				"${PODS_ROOT}/Target Support Files/Pods-HLCandy/Pods-HLCandy-frameworks-${CONFIGURATION}-output-files.xcfilelist",
			);
			runOnlyForDeploymentPostprocessing = 0;
			shellPath = /bin/sh;
			shellScript = "\"${PODS_ROOT}/Target Support Files/Pods-HLCandy/Pods-HLCandy-frameworks.sh\"\n";
			showEnvVarsInLog = 0;
		};
/* End PBXShellScriptBuildPhase section */

/* Begin PBXSourcesBuildPhase section */
		A01ACFEC2865688100062F58 /* Sources */ = {
			isa = PBXSourcesBuildPhase;
			buildActionMask = 2147483647;
			files = (
				A01ACFFB2865688100062F58 /* ViewController.m in Sources */,
				A01ACFF52865688100062F58 /* AppDelegate.m in Sources */,
				A01AD0062865688300062F58 /* main.m in Sources */,
			);
			runOnlyForDeploymentPostprocessing = 0;
		};
		A01AD01728669F4B00062F58 /* Sources */ = {
			isa = PBXSourcesBuildPhase;
			buildActionMask = 2147483647;
			files = (
				A01AD01E28669F4C00062F58 /* HLCandyTests.m in Sources */,
			);
			runOnlyForDeploymentPostprocessing = 0;
		};
		A01AD02528669F6300062F58 /* Sources */ = {
			isa = PBXSourcesBuildPhase;
			buildActionMask = 2147483647;
			files = (
				A01AD02C28669F6300062F58 /* HLCandyUITests.m in Sources */,
			);
			runOnlyForDeploymentPostprocessing = 0;
		};
/* End PBXSourcesBuildPhase section */

/* Begin PBXTargetDependency section */
		A01AD02128669F4C00062F58 /* PBXTargetDependency */ = {
			isa = PBXTargetDependency;
			target = A01ACFEF2865688100062F58 /* HLCandy */;
			targetProxy = A01AD02028669F4C00062F58 /* PBXContainerItemProxy */;
		};
		A01AD02F28669F6300062F58 /* PBXTargetDependency */ = {
			isa = PBXTargetDependency;
			target = A01ACFEF2865688100062F58 /* HLCandy */;
			targetProxy = A01AD02E28669F6300062F58 /* PBXContainerItemProxy */;
		};
/* End PBXTargetDependency section */

/* Begin PBXVariantGroup section */
		A01ACFFC2865688100062F58 /* Main.storyboard */ = {
			isa = PBXVariantGroup;
			children = (
				A01ACFFD2865688100062F58 /* Base */,
			);
			name = Main.storyboard;
			sourceTree = "<group>";
		};
		A01AD0012865688300062F58 /* LaunchScreen.storyboard */ = {
			isa = PBXVariantGroup;
			children = (
				A01AD0022865688300062F58 /* Base */,
			);
			name = LaunchScreen.storyboard;
			sourceTree = "<group>";
		};
/* End PBXVariantGroup section */

/* Begin XCBuildConfiguration section */
		A01AD0072865688300062F58 /* Debug */ = {
			isa = XCBuildConfiguration;
			buildSettings = {
				ALWAYS_SEARCH_USER_PATHS = NO;
				CLANG_ANALYZER_NONNULL = YES;
				CLANG_ANALYZER_NUMBER_OBJECT_CONVERSION = YES_AGGRESSIVE;
				CLANG_CXX_LANGUAGE_STANDARD = "gnu++14";
				CLANG_CXX_LIBRARY = "libc++";
				CLANG_ENABLE_MODULES = YES;
				CLANG_ENABLE_OBJC_ARC = YES;
				CLANG_ENABLE_OBJC_WEAK = YES;
				CLANG_WARN_BLOCK_CAPTURE_AUTORELEASING = YES;
				CLANG_WARN_BOOL_CONVERSION = YES;
				CLANG_WARN_COMMA = YES;
				CLANG_WARN_CONSTANT_CONVERSION = YES;
				CLANG_WARN_DEPRECATED_OBJC_IMPLEMENTATIONS = YES;
				CLANG_WARN_DIRECT_OBJC_ISA_USAGE = YES_ERROR;
				CLANG_WARN_DOCUMENTATION_COMMENTS = YES;
				CLANG_WARN_EMPTY_BODY = YES;
				CLANG_WARN_ENUM_CONVERSION = YES;
				CLANG_WARN_INFINITE_RECURSION = YES;
				CLANG_WARN_INT_CONVERSION = YES;
				CLANG_WARN_NON_LITERAL_NULL_CONVERSION = YES;
				CLANG_WARN_OBJC_IMPLICIT_RETAIN_SELF = YES;
				CLANG_WARN_OBJC_LITERAL_CONVERSION = YES;
				CLANG_WARN_OBJC_ROOT_CLASS = YES_ERROR;
				CLANG_WARN_RANGE_LOOP_ANALYSIS = YES;
				CLANG_WARN_STRICT_PROTOTYPES = YES;
				CLANG_WARN_SUSPICIOUS_MOVE = YES;
				CLANG_WARN_UNGUARDED_AVAILABILITY = YES_AGGRESSIVE;
				CLANG_WARN_UNREACHABLE_CODE = YES;
				CLANG_WARN__DUPLICATE_METHOD_MATCH = YES;
				COPY_PHASE_STRIP = NO;
				DEBUG_INFORMATION_FORMAT = dwarf;
				ENABLE_STRICT_OBJC_MSGSEND = YES;
				ENABLE_TESTABILITY = YES;
				GCC_C_LANGUAGE_STANDARD = gnu11;
				GCC_DYNAMIC_NO_PIC = NO;
				GCC_NO_COMMON_BLOCKS = YES;
				GCC_OPTIMIZATION_LEVEL = 0;
				GCC_PREPROCESSOR_DEFINITIONS = (
					"DEBUG=1",
					"$(inherited)",
				);
				GCC_WARN_64_TO_32_BIT_CONVERSION = YES;
				GCC_WARN_ABOUT_RETURN_TYPE = YES_ERROR;
				GCC_WARN_UNDECLARED_SELECTOR = YES;
				GCC_WARN_UNINITIALIZED_AUTOS = YES_AGGRESSIVE;
				GCC_WARN_UNUSED_FUNCTION = YES;
				GCC_WARN_UNUSED_VARIABLE = YES;
				IPHONEOS_DEPLOYMENT_TARGET = 13.2;
				MTL_ENABLE_DEBUG_INFO = INCLUDE_SOURCE;
				MTL_FAST_MATH = YES;
				ONLY_ACTIVE_ARCH = YES;
				SDKROOT = iphoneos;
			};
			name = Debug;
		};
		A01AD0082865688300062F58 /* Release */ = {
			isa = XCBuildConfiguration;
			buildSettings = {
				ALWAYS_SEARCH_USER_PATHS = NO;
				CLANG_ANALYZER_NONNULL = YES;
				CLANG_ANALYZER_NUMBER_OBJECT_CONVERSION = YES_AGGRESSIVE;
				CLANG_CXX_LANGUAGE_STANDARD = "gnu++14";
				CLANG_CXX_LIBRARY = "libc++";
				CLANG_ENABLE_MODULES = YES;
				CLANG_ENABLE_OBJC_ARC = YES;
				CLANG_ENABLE_OBJC_WEAK = YES;
				CLANG_WARN_BLOCK_CAPTURE_AUTORELEASING = YES;
				CLANG_WARN_BOOL_CONVERSION = YES;
				CLANG_WARN_COMMA = YES;
				CLANG_WARN_CONSTANT_CONVERSION = YES;
				CLANG_WARN_DEPRECATED_OBJC_IMPLEMENTATIONS = YES;
				CLANG_WARN_DIRECT_OBJC_ISA_USAGE = YES_ERROR;
				CLANG_WARN_DOCUMENTATION_COMMENTS = YES;
				CLANG_WARN_EMPTY_BODY = YES;
				CLANG_WARN_ENUM_CONVERSION = YES;
				CLANG_WARN_INFINITE_RECURSION = YES;
				CLANG_WARN_INT_CONVERSION = YES;
				CLANG_WARN_NON_LITERAL_NULL_CONVERSION = YES;
				CLANG_WARN_OBJC_IMPLICIT_RETAIN_SELF = YES;
				CLANG_WARN_OBJC_LITERAL_CONVERSION = YES;
				CLANG_WARN_OBJC_ROOT_CLASS = YES_ERROR;
				CLANG_WARN_RANGE_LOOP_ANALYSIS = YES;
				CLANG_WARN_STRICT_PROTOTYPES = YES;
				CLANG_WARN_SUSPICIOUS_MOVE = YES;
				CLANG_WARN_UNGUARDED_AVAILABILITY = YES_AGGRESSIVE;
				CLANG_WARN_UNREACHABLE_CODE = YES;
				CLANG_WARN__DUPLICATE_METHOD_MATCH = YES;
				COPY_PHASE_STRIP = NO;
				DEBUG_INFORMATION_FORMAT = "dwarf-with-dsym";
				ENABLE_NS_ASSERTIONS = NO;
				ENABLE_STRICT_OBJC_MSGSEND = YES;
				GCC_C_LANGUAGE_STANDARD = gnu11;
				GCC_NO_COMMON_BLOCKS = YES;
				GCC_WARN_64_TO_32_BIT_CONVERSION = YES;
				GCC_WARN_ABOUT_RETURN_TYPE = YES_ERROR;
				GCC_WARN_UNDECLARED_SELECTOR = YES;
				GCC_WARN_UNINITIALIZED_AUTOS = YES_AGGRESSIVE;
				GCC_WARN_UNUSED_FUNCTION = YES;
				GCC_WARN_UNUSED_VARIABLE = YES;
				IPHONEOS_DEPLOYMENT_TARGET = 13.2;
				MTL_ENABLE_DEBUG_INFO = NO;
				MTL_FAST_MATH = YES;
				SDKROOT = iphoneos;
				VALIDATE_PRODUCT = YES;
			};
			name = Release;
		};
		A01AD00A2865688300062F58 /* Debug */ = {
			isa = XCBuildConfiguration;
			baseConfigurationReference = 1CD2E9E345B0AB921CB614F8 /* Pods-HLCandy.debug.xcconfig */;
			buildSettings = {
				ASSETCATALOG_COMPILER_APPICON_NAME = AppIcon;
				CODE_SIGN_STYLE = Automatic;
				INFOPLIST_FILE = HLCandy/Info.plist;
				LD_RUNPATH_SEARCH_PATHS = (
					"$(inherited)",
					"@executable_path/Frameworks",
				);
				PRODUCT_BUNDLE_IDENTIFIER = com.seabright.HLCandy;
				PRODUCT_NAME = "$(TARGET_NAME)";
				TARGETED_DEVICE_FAMILY = "1,2";
			};
			name = Debug;
		};
		A01AD00B2865688300062F58 /* Release */ = {
			isa = XCBuildConfiguration;
			baseConfigurationReference = 732D55CCD06F26665D329CF2 /* Pods-HLCandy.release.xcconfig */;
			buildSettings = {
				ASSETCATALOG_COMPILER_APPICON_NAME = AppIcon;
				CODE_SIGN_STYLE = Automatic;
				INFOPLIST_FILE = HLCandy/Info.plist;
				LD_RUNPATH_SEARCH_PATHS = (
					"$(inherited)",
					"@executable_path/Frameworks",
				);
				PRODUCT_BUNDLE_IDENTIFIER = com.seabright.HLCandy;
				PRODUCT_NAME = "$(TARGET_NAME)";
				TARGETED_DEVICE_FAMILY = "1,2";
			};
			name = Release;
		};
		A01AD02328669F4C00062F58 /* Debug */ = {
			isa = XCBuildConfiguration;
			buildSettings = {
				BUNDLE_LOADER = "$(TEST_HOST)";
				CODE_SIGN_STYLE = Automatic;
				INFOPLIST_FILE = HLCandyTests/Info.plist;
				LD_RUNPATH_SEARCH_PATHS = (
					"$(inherited)",
					"@executable_path/Frameworks",
					"@loader_path/Frameworks",
				);
				PRODUCT_BUNDLE_IDENTIFIER = com.seabright.HLCandyTests;
				PRODUCT_NAME = "$(TARGET_NAME)";
				TARGETED_DEVICE_FAMILY = "1,2";
				TEST_HOST = "$(BUILT_PRODUCTS_DIR)/HLCandy.app/HLCandy";
			};
			name = Debug;
		};
		A01AD02428669F4C00062F58 /* Release */ = {
			isa = XCBuildConfiguration;
			buildSettings = {
				BUNDLE_LOADER = "$(TEST_HOST)";
				CODE_SIGN_STYLE = Automatic;
				INFOPLIST_FILE = HLCandyTests/Info.plist;
				LD_RUNPATH_SEARCH_PATHS = (
					"$(inherited)",
					"@executable_path/Frameworks",
					"@loader_path/Frameworks",
				);
				PRODUCT_BUNDLE_IDENTIFIER = com.seabright.HLCandyTests;
				PRODUCT_NAME = "$(TARGET_NAME)";
				TARGETED_DEVICE_FAMILY = "1,2";
				TEST_HOST = "$(BUILT_PRODUCTS_DIR)/HLCandy.app/HLCandy";
			};
			name = Release;
		};
		A01AD03128669F6300062F58 /* Debug */ = {
			isa = XCBuildConfiguration;
			buildSettings = {
				CODE_SIGN_STYLE = Automatic;
				INFOPLIST_FILE = HLCandyUITests/Info.plist;
				LD_RUNPATH_SEARCH_PATHS = (
					"$(inherited)",
					"@executable_path/Frameworks",
					"@loader_path/Frameworks",
				);
				PRODUCT_BUNDLE_IDENTIFIER = com.seabright.HLCandyUITests;
				PRODUCT_NAME = "$(TARGET_NAME)";
				TARGETED_DEVICE_FAMILY = "1,2";
				TEST_TARGET_NAME = HLCandy;
			};
			name = Debug;
		};
		A01AD03228669F6300062F58 /* Release */ = {
			isa = XCBuildConfiguration;
			buildSettings = {
				CODE_SIGN_STYLE = Automatic;
				INFOPLIST_FILE = HLCandyUITests/Info.plist;
				LD_RUNPATH_SEARCH_PATHS = (
					"$(inherited)",
					"@executable_path/Frameworks",
					"@loader_path/Frameworks",
				);
				PRODUCT_BUNDLE_IDENTIFIER = com.seabright.HLCandyUITests;
				PRODUCT_NAME = "$(TARGET_NAME)";
				TARGETED_DEVICE_FAMILY = "1,2";
				TEST_TARGET_NAME = HLCandy;
			};
			name = Release;
		};
/* End XCBuildConfiguration section */

/* Begin XCConfigurationList section */
		A01ACFEB2865688100062F58 /* Build configuration list for PBXProject "HLCandy" */ = {
			isa = XCConfigurationList;
			buildConfigurations = (
				A01AD0072865688300062F58 /* Debug */,
				A01AD0082865688300062F58 /* Release */,
			);
			defaultConfigurationIsVisible = 0;
			defaultConfigurationName = Release;
		};
		A01AD0092865688300062F58 /* Build configuration list for PBXNativeTarget "HLCandy" */ = {
			isa = XCConfigurationList;
			buildConfigurations = (
				A01AD00A2865688300062F58 /* Debug */,
				A01AD00B2865688300062F58 /* Release */,
			);
			defaultConfigurationIsVisible = 0;
			defaultConfigurationName = Release;
		};
		A01AD02228669F4C00062F58 /* Build configuration list for PBXNativeTarget "HLCandyTests" */ = {
			isa = XCConfigurationList;
			buildConfigurations = (
				A01AD02328669F4C00062F58 /* Debug */,
				A01AD02428669F4C00062F58 /* Release */,
			);
			defaultConfigurationIsVisible = 0;
			defaultConfigurationName = Release;
		};
		A01AD03028669F6300062F58 /* Build configuration list for PBXNativeTarget "HLCandyUITests" */ = {
			isa = XCConfigurationList;
			buildConfigurations = (
				A01AD03128669F6300062F58 /* Debug */,
				A01AD03228669F6300062F58 /* Release */,
			);
			defaultConfigurationIsVisible = 0;
			defaultConfigurationName = Release;
		};
/* End XCConfigurationList section */
	};
	rootObject = A01ACFE82865688100062F58 /* Project object */;
}
